
Microsoft Visual Studio Solution File, Format Version 12.00
# Visual Studio Version 16
VisualStudioVersion = 16.0.30907.101
MinimumVisualStudioVersion = 10.0.40219.1
Project("{FAE04EC0-301F-11D3-BF4B-00C04F79EFBC}") = "OOP1", "CSharp_OOP_practice\OOP1.csproj", "{533B7E9A-5E29-4812-9A39-1676D508713D}"
EndProject
Global
	GlobalSection(SolutionConfigurationPlatforms) = preSolution
		Debug|Any CPU = Debug|Any CPU
		Release|Any CPU = Release|Any CPU
	EndGlobalSection
	GlobalSection(ProjectConfigurationPlatforms) = postSolution
		{533B7E9A-5E29-4812-9A39-1676D508713D}.Debug|Any CPU.ActiveCfg = Debug|Any CPU
		{533B7E9A-5E29-4812-9A39-1676D508713D}.Debug|Any CPU.Build.0 = Debug|Any CPU
		{533B7E9A-5E29-4812-9A39-1676D508713D}.Release|Any CPU.ActiveCfg = Release|Any CPU
		{533B7E9A-5E29-4812-9A39-1676D508713D}.Release|Any CPU.Build.0 = Release|Any CPU
	EndGlobalSection
	GlobalSection(SolutionProperties) = preSolution
		HideSolutionNode = FALSE
	EndGlobalSection
	GlobalSection(ExtensibilityGlobals) = postSolution
		SolutionGuid = {3E531FA4-50AF-40D5-8AB4-907DE595EA5A}
	EndGlobalSection
EndGlobal
